<Solution>
  <Folder Name="/src/">
    <Project Path="src/LumosPresenter.Audio/LumosPresenter.Audio.csproj" />
    <Project Path="src/LumosPresenter.Core/LumosPresenter.Core.csproj" />
    <Project Path="src/LumosPresenter.Data/LumosPresenter.Data.csproj" />
    <Project Path="src/LumosPresenter.Speech/LumosPresenter.Speech.csproj" />
    <Project Path="src/LumosPresenter.WebHost/LumosPresenter.WebHost.csproj" />
  </Folder>
  <Folder Name="/tests/">
    <Project Path="tests/LumosPresenter.Tests/LumosPresenter.Tests.csproj" />
  </Folder>
</Solution>
